
Microsoft Visual Studio Solution File, Format Version 12.00
# Visual Studio 2015
Project("{FAE04EC0-301F-11D3-BF4B-00C04F79EFBC}") = "oneColor", "oneColor.csproj", "{AB4D6F39-8F41-A6DE-57C0-71032C8D3548}"
EndProject
Global
	GlobalSection(SolutionConfigurationPlatforms) = preSolution
		Debug|Any CPU = Debug|Any CPU
		Release|Any CPU = Release|Any CPU
	EndGlobalSection
	GlobalSection(ProjectConfigurationPlatforms) = postSolution
		{AB4D6F39-8F41-A6DE-57C0-71032C8D3548}.Debug|Any CPU.ActiveCfg = Debug|Any CPU
		{AB4D6F39-8F41-A6DE-57C0-71032C8D3548}.Debug|Any CPU.Build.0 = Debug|Any CPU
		{AB4D6F39-8F41-A6DE-57C0-71032C8D3548}.Release|Any CPU.ActiveCfg = Release|Any CPU
		{AB4D6F39-8F41-A6DE-57C0-71032C8D3548}.Release|Any CPU.Build.0 = Release|Any CPU
	EndGlobalSection
	GlobalSection(SolutionProperties) = preSolution
		HideSolutionNode = FALSE
	EndGlobalSection
EndGlobal
